
Microsoft Visual Studio Solution File, Format Version 12.00
Project("{FAE04EC0-301F-11D3-BF4B-00C04F79EFBC}") = "Top10Words", "Top10Words\Top10Words.csproj", "{8A2B44B0-E5F1-4AC3-8A64-B7F100349523}"
EndProject
Project("{FAE04EC0-301F-11D3-BF4B-00C04F79EFBC}") = "Top10WordsTest", "Top10WordsTest\Top10WordsTest.csproj", "{5B3ED523-CBBB-4B14-8990-202EC01C38EA}"
EndProject
Global
	GlobalSection(SolutionConfigurationPlatforms) = preSolution
		Debug|Any CPU = Debug|Any CPU
		Release|Any CPU = Release|Any CPU
	EndGlobalSection
	GlobalSection(ProjectConfigurationPlatforms) = postSolution
		{8A2B44B0-E5F1-4AC3-8A64-B7F100349523}.Debug|Any CPU.ActiveCfg = Debug|Any CPU
		{8A2B44B0-E5F1-4AC3-8A64-B7F100349523}.Debug|Any CPU.Build.0 = Debug|Any CPU
		{8A2B44B0-E5F1-4AC3-8A64-B7F100349523}.Release|Any CPU.ActiveCfg = Release|Any CPU
		{8A2B44B0-E5F1-4AC3-8A64-B7F100349523}.Release|Any CPU.Build.0 = Release|Any CPU
		{5B3ED523-CBBB-4B14-8990-202EC01C38EA}.Debug|Any CPU.ActiveCfg = Debug|Any CPU
		{5B3ED523-CBBB-4B14-8990-202EC01C38EA}.Debug|Any CPU.Build.0 = Debug|Any CPU
		{5B3ED523-CBBB-4B14-8990-202EC01C38EA}.Release|Any CPU.ActiveCfg = Release|Any CPU
		{5B3ED523-CBBB-4B14-8990-202EC01C38EA}.Release|Any CPU.Build.0 = Release|Any CPU
	EndGlobalSection
EndGlobal
